dependencies:
- name: mcp-server
  repository: oci://ghcr.io/jakobkolb/charts
  version: 0.1.0
- name: api-gateway
  repository: file://charts/api-gateway
  version: 0.1.0
digest: sha256:37bf3a0f3aada5eb81ddbbb3f3202100460b24fd36ffdfe707a1adc7a9a2bca1
generated: "2026-05-11T19:20:34.597862482+02:00"
